Microsoft Visual Studio Solution File, Format Version 9.00
# Visual Studio 2005
Project("{8BC9CEB8-8B4A-11D0-8D11-00A0C91BC942}") = "PicProc", "PicProc.vcproj", "{423C5801-B593-42A1-8AA6-F0580AB6C4F1}"
EndProject
Global
	GlobalSection(SolutionConfigurationPlatforms) = preSolution
		Debug|Win32 = Debug|Win32
		Release|Win32 = Release|Win32
	EndGlobalSection
	GlobalSection(ProjectConfigurationPlatforms) = postSolution
		{423C5801-B593-42A1-8AA6-F0580AB6C4F1}.Debug|Win32.ActiveCfg = Debug|Win32
		{423C5801-B593-42A1-8AA6-F0580AB6C4F1}.Debug|Win32.Build.0 = Debug|Win32
		{423C5801-B593-42A1-8AA6-F0580AB6C4F1}.Release|Win32.ActiveCfg = Release|Win32
		{423C5801-B593-42A1-8AA6-F0580AB6C4F1}.Release|Win32.Build.0 = Release|Win32
	EndGlobalSection
	GlobalSection(SolutionProperties) = preSolution
		HideSolutionNode = FALSE
	EndGlobalSection
EndGlobal
